
Microsoft Visual Studio Solution File, Format Version 12.00
# Visual Studio Version 17
VisualStudioVersion = 17.11.35327.3
MinimumVisualStudioVersion = 10.0.40219.1
Project("{FAE04EC0-301F-11D3-BF4B-00C04F79EFBC}") = "ReferralCampaignAPI", "ReferralCampaignAPI\ReferralCampaignAPI.csproj", "{6844D99C-2E64-4616-8E9A-5D96858B4ABB}"
EndProject
Global
	GlobalSection(SolutionConfigurationPlatforms) = preSolution
		Debug|Any CPU = Debug|Any CPU
		Release|Any CPU = Release|Any CPU
	EndGlobalSection
	GlobalSection(ProjectConfigurationPlatforms) = postSolution
		{6844D99C-2E64-4616-8E9A-5D96858B4ABB}.Debug|Any CPU.ActiveCfg = Debug|Any CPU
		{6844D99C-2E64-4616-8E9A-5D96858B4ABB}.Debug|Any CPU.Build.0 = Debug|Any CPU
		{6844D99C-2E64-4616-8E9A-5D96858B4ABB}.Release|Any CPU.ActiveCfg = Release|Any CPU
		{6844D99C-2E64-4616-8E9A-5D96858B4ABB}.Release|Any CPU.Build.0 = Release|Any CPU
	EndGlobalSection
	GlobalSection(SolutionProperties) = preSolution
		HideSolutionNode = FALSE
	EndGlobalSection
	GlobalSection(ExtensibilityGlobals) = postSolution
		SolutionGuid = {8C462FE1-4AB2-44AD-BA63-85F96C84E211}
	EndGlobalSection
EndGlobal
